
Microsoft Visual Studio Solution File, Format Version 12.00
# Visual Studio Version 16
VisualStudioVersion = 16.0.33328.57
MinimumVisualStudioVersion = 10.0.40219.1
Project("{9A19103F-16F7-4668-BE54-9A1E7A4F7556}") = "ReflectionLab", "ReflectionLab\ReflectionLab.csproj", "{3AD4FAC6-07E1-4A1B-A5E2-F9832A64DBCC}"
EndProject
Project("{FAE04EC0-301F-11D3-BF4B-00C04F79EFBC}") = "TypeClass", "TypeClass\TypeClass.csproj", "{3DDF2CB9-DE70-412B-841A-C99061EF9DCB}"
EndProject
Project("{FAE04EC0-301F-11D3-BF4B-00C04F79EFBC}") = "FieldsReflection", "FieldsReflection\FieldsReflection.csproj", "{1E3913A3-876E-4D6B-8F5E-7757485B38D5}"
EndProject
Project("{FAE04EC0-301F-11D3-BF4B-00C04F79EFBC}") = "WhichFieldYouWantToRead", "WhichFieldYouWantToRead\WhichFieldYouWantToRead.csproj", "{573FD0D7-1C45-4518-AD5A-048C4764E6C8}"
EndProject
Global
	GlobalSection(SolutionConfigurationPlatforms) = preSolution
		Debug|Any CPU = Debug|Any CPU
		Release|Any CPU = Release|Any CPU
	EndGlobalSection
	GlobalSection(ProjectConfigurationPlatforms) = postSolution
		{3AD4FAC6-07E1-4A1B-A5E2-F9832A64DBCC}.Debug|Any CPU.ActiveCfg = Debug|Any CPU
		{3AD4FAC6-07E1-4A1B-A5E2-F9832A64DBCC}.Debug|Any CPU.Build.0 = Debug|Any CPU
		{3AD4FAC6-07E1-4A1B-A5E2-F9832A64DBCC}.Release|Any CPU.ActiveCfg = Release|Any CPU
		{3AD4FAC6-07E1-4A1B-A5E2-F9832A64DBCC}.Release|Any CPU.Build.0 = Release|Any CPU
		{3DDF2CB9-DE70-412B-841A-C99061EF9DCB}.Debug|Any CPU.ActiveCfg = Debug|Any CPU
		{3DDF2CB9-DE70-412B-841A-C99061EF9DCB}.Debug|Any CPU.Build.0 = Debug|Any CPU
		{3DDF2CB9-DE70-412B-841A-C99061EF9DCB}.Release|Any CPU.ActiveCfg = Release|Any CPU
		{3DDF2CB9-DE70-412B-841A-C99061EF9DCB}.Release|Any CPU.Build.0 = Release|Any CPU
		{1E3913A3-876E-4D6B-8F5E-7757485B38D5}.Debug|Any CPU.ActiveCfg = Debug|Any CPU
		{1E3913A3-876E-4D6B-8F5E-7757485B38D5}.Debug|Any CPU.Build.0 = Debug|Any CPU
		{1E3913A3-876E-4D6B-8F5E-7757485B38D5}.Release|Any CPU.ActiveCfg = Release|Any CPU
		{1E3913A3-876E-4D6B-8F5E-7757485B38D5}.Release|Any CPU.Build.0 = Release|Any CPU
		{573FD0D7-1C45-4518-AD5A-048C4764E6C8}.Debug|Any CPU.ActiveCfg = Debug|Any CPU
		{573FD0D7-1C45-4518-AD5A-048C4764E6C8}.Debug|Any CPU.Build.0 = Debug|Any CPU
		{573FD0D7-1C45-4518-AD5A-048C4764E6C8}.Release|Any CPU.ActiveCfg = Release|Any CPU
		{573FD0D7-1C45-4518-AD5A-048C4764E6C8}.Release|Any CPU.Build.0 = Release|Any CPU
	EndGlobalSection
	GlobalSection(SolutionProperties) = preSolution
		HideSolutionNode = FALSE
	EndGlobalSection
	GlobalSection(ExtensibilityGlobals) = postSolution
		SolutionGuid = {07A5FE2D-5AE2-4BCD-AAA7-BC6B419F5818}
	EndGlobalSection
EndGlobal
